// !$*UTF8*$!
{
	archiveVersion = 1;
	classes = {
	};
	objectVersion = 56;
	objects = {

/* Begin PBXBuildFile section */
		F7336A832BA4CCAD0006D544 /* BorderTextField.swift in Sources */ = {isa = PBXBuildFile; fileRef = F7336A822BA4CCAD0006D544 /* BorderTextField.swift */; };
		F7336A862BA4D4F90006D544 /* IQKeyboardManagerSwift in Frameworks */ = {isa = PBXBuildFile; productRef = F7336A852BA4D4F90006D544 /* IQKeyboardManagerSwift */; };
		F7336A882BA50CA00006D544 /* NetworkLoader.swift in Sources */ = {isa = PBXBuildFile; fileRef = F7336A872BA50CA00006D544 /* NetworkLoader.swift */; };
		F7336A8A2BA50CEF0006D544 /* KeyChainServices.swift in Sources */ = {isa = PBXBuildFile; fileRef = F7336A892BA50CEF0006D544 /* KeyChainServices.swift */; };
		F7336A8C2BA50D0B0006D544 /* Api.swift in Sources */ = {isa = PBXBuildFile; fileRef = F7336A8B2BA50D0B0006D544 /* Api.swift */; };
		F7336A8E2BA50DC20006D544 /* ViewControllerExtension.swift in Sources */ = {isa = PBXBuildFile; fileRef = F7336A8D2BA50DC20006D544 /* ViewControllerExtension.swift */; };
		F7336A902BA50DF90006D544 /* Colors.swift in Sources */ = {isa = PBXBuildFile; fileRef = F7336A8F2BA50DF90006D544 /* Colors.swift */; };
		F7336A922BA50E640006D544 /* RoundedButton.swift in Sources */ = {isa = PBXBuildFile; fileRef = F7336A912BA50E640006D544 /* RoundedButton.swift */; };
		F7336A942BA50F300006D544 /* UDDeviceExtension.swift in Sources */ = {isa = PBXBuildFile; fileRef = F7336A932BA50F300006D544 /* UDDeviceExtension.swift */; };
		F7336A992BAA04C40006D544 /* ResponseLogin.swift in Sources */ = {isa = PBXBuildFile; fileRef = F7336A982BAA04C40006D544 /* ResponseLogin.swift */; };
		F7336A9F2BAA191F0006D544 /* ResponseTickets.swift in Sources */ = {isa = PBXBuildFile; fileRef = F7336A9E2BAA191F0006D544 /* ResponseTickets.swift */; };
		F7336AA22BAA5ACD0006D544 /* StatusPackageViewController.swift in Sources */ = {isa = PBXBuildFile; fileRef = F7336AA12BAA5ACD0006D544 /* StatusPackageViewController.swift */; };
		F74CD1AC2C40467F001A299A /* ResponseTicketPlaneacion.swift in Sources */ = {isa = PBXBuildFile; fileRef = F74CD1AB2C40467F001A299A /* ResponseTicketPlaneacion.swift */; };
		F7AB4C972BA212C600419908 /* AppDelegate.swift in Sources */ = {isa = PBXBuildFile; fileRef = F7AB4C962BA212C600419908 /* AppDelegate.swift */; };
		F7AB4C992BA212C600419908 /* SceneDelegate.swift in Sources */ = {isa = PBXBuildFile; fileRef = F7AB4C982BA212C600419908 /* SceneDelegate.swift */; };
		F7AB4C9B2BA212C600419908 /* ViewController.swift in Sources */ = {isa = PBXBuildFile; fileRef = F7AB4C9A2BA212C600419908 /* ViewController.swift */; };
		F7AB4C9E2BA212C600419908 /* Base in Resources */ = {isa = PBXBuildFile; fileRef = F7AB4C9D2BA212C600419908 /* Base */; };
		F7AB4CA02BA212C900419908 /* Assets.xcassets in Resources */ = {isa = PBXBuildFile; fileRef = F7AB4C9F2BA212C900419908 /* Assets.xcassets */; };
		F7AB4CAE2BA212C900419908 /* fhlTrackerTests.swift in Sources */ = {isa = PBXBuildFile; fileRef = F7AB4CAD2BA212C900419908 /* fhlTrackerTests.swift */; };
		F7AB4CB82BA212C900419908 /* fhlTrackerUITests.swift in Sources */ = {isa = PBXBuildFile; fileRef = F7AB4CB72BA212C900419908 /* fhlTrackerUITests.swift */; };
		F7AB4CBA2BA212C900419908 /* fhlTrackerUITestsLaunchTests.swift in Sources */ = {isa = PBXBuildFile; fileRef = F7AB4CB92BA212C900419908 /* fhlTrackerUITestsLaunchTests.swift */; };
		F7AB4CD62BA2312300419908 /* SplashScreen.storyboard in Resources */ = {isa = PBXBuildFile; fileRef = F7AB4CD52BA2312300419908 /* SplashScreen.storyboard */; };
		F7AB4CD82BA2313600419908 /* SplashScreenViewController.swift in Sources */ = {isa = PBXBuildFile; fileRef = F7AB4CD72BA2313600419908 /* SplashScreenViewController.swift */; };
/* End PBXBuildFile section */

/* Begin PBXContainerItemProxy section */
		F7AB4CAA2BA212C900419908 /* PBXContainerItemProxy */ = {
			isa = PBXContainerItemProxy;
			containerPortal = F7AB4C8B2BA212C600419908 /* Project object */;
			proxyType = 1;
			remoteGlobalIDString = F7AB4C922BA212C600419908;
			remoteInfo = fhlTracker;
		};
		F7AB4CB42BA212C900419908 /* PBXContainerItemProxy */ = {
			isa = PBXContainerItemProxy;
			containerPortal = F7AB4C8B2BA212C600419908 /* Project object */;
			proxyType = 1;
			remoteGlobalIDString = F7AB4C922BA212C600419908;
			remoteInfo = fhlTracker;
		};
/* End PBXContainerItemProxy section */

/* Begin PBXFileReference section */
		F7336A822BA4CCAD0006D544 /* BorderTextField.swift */ = {isa = PBXFileReference; lastKnownFileType = sourcecode.swift; path = BorderTextField.swift; sourceTree = "<group>"; };
		F7336A872BA50CA00006D544 /* NetworkLoader.swift */ = {isa = PBXFileReference; lastKnownFileType = sourcecode.swift; path = NetworkLoader.swift; sourceTree = "<group>"; };
		F7336A892BA50CEF0006D544 /* KeyChainServices.swift */ = {isa = PBXFileReference; lastKnownFileType = sourcecode.swift; path = KeyChainServices.swift; sourceTree = "<group>"; };
		F7336A8B2BA50D0B0006D544 /* Api.swift */ = {isa = PBXFileReference; lastKnownFileType = sourcecode.swift; path = Api.swift; sourceTree = "<group>"; };
		F7336A8D2BA50DC20006D544 /* ViewControllerExtension.swift */ = {isa = PBXFileReference; lastKnownFileType = sourcecode.swift; path = ViewControllerExtension.swift; sourceTree = "<group>"; };
		F7336A8F2BA50DF90006D544 /* Colors.swift */ = {isa = PBXFileReference; lastKnownFileType = sourcecode.swift; path = Colors.swift; sourceTree = "<group>"; };
		F7336A912BA50E640006D544 /* RoundedButton.swift */ = {isa = PBXFileReference; lastKnownFileType = sourcecode.swift; path = RoundedButton.swift; sourceTree = "<group>"; };
		F7336A932BA50F300006D544 /* UDDeviceExtension.swift */ = {isa = PBXFileReference; lastKnownFileType = sourcecode.swift; path = UDDeviceExtension.swift; sourceTree = "<group>"; };
		F7336A982BAA04C40006D544 /* ResponseLogin.swift */ = {isa = PBXFileReference; lastKnownFileType = sourcecode.swift; path = ResponseLogin.swift; sourceTree = "<group>"; };
		F7336A9E2BAA191F0006D544 /* ResponseTickets.swift */ = {isa = PBXFileReference; lastKnownFileType = sourcecode.swift; path = ResponseTickets.swift; sourceTree = "<group>"; };
		F7336AA12BAA5ACD0006D544 /* StatusPackageViewController.swift */ = {isa = PBXFileReference; lastKnownFileType = sourcecode.swift; path = StatusPackageViewController.swift; sourceTree = "<group>"; };
		F74CD1AB2C40467F001A299A /* ResponseTicketPlaneacion.swift */ = {isa = PBXFileReference; lastKnownFileType = sourcecode.swift; path = ResponseTicketPlaneacion.swift; sourceTree = "<group>"; };
		F7AB4C932BA212C600419908 /* fhlTracker.app */ = {isa = PBXFileReference; explicitFileType = wrapper.application; includeInIndex = 0; path = fhlTracker.app; sourceTree = BUILT_PRODUCTS_DIR; };
		F7AB4C962BA212C600419908 /* AppDelegate.swift */ = {isa = PBXFileReference; lastKnownFileType = sourcecode.swift; path = AppDelegate.swift; sourceTree = "<group>"; };
		F7AB4C982BA212C600419908 /* SceneDelegate.swift */ = {isa = PBXFileReference; lastKnownFileType = sourcecode.swift; path = SceneDelegate.swift; sourceTree = "<group>"; };
		F7AB4C9A2BA212C600419908 /* ViewController.swift */ = {isa = PBXFileReference; lastKnownFileType = sourcecode.swift; path = ViewController.swift; sourceTree = "<group>"; };
		F7AB4C9D2BA212C600419908 /* Base */ = {isa = PBXFileReference; lastKnownFileType = file.storyboard; name = Base; path = Base.lproj/Main.storyboard; sourceTree = "<group>"; };
		F7AB4C9F2BA212C900419908 /* Assets.xcassets */ = {isa = PBXFileReference; lastKnownFileType = folder.assetcatalog; path = Assets.xcassets; sourceTree = "<group>"; };
		F7AB4CA42BA212C900419908 /* Info.plist */ = {isa = PBXFileReference; lastKnownFileType = text.plist.xml; path = Info.plist; sourceTree = "<group>"; };
		F7AB4CA92BA212C900419908 /* fhlTrackerTests.xctest */ = {isa = PBXFileReference; explicitFileType = wrapper.cfbundle; includeInIndex = 0; path = fhlTrackerTests.xctest; sourceTree = BUILT_PRODUCTS_DIR; };
		F7AB4CAD2BA212C900419908 /* fhlTrackerTests.swift */ = {isa = PBXFileReference; lastKnownFileType = sourcecode.swift; path = fhlTrackerTests.swift; sourceTree = "<group>"; };
		F7AB4CB32BA212C900419908 /* fhlTrackerUITests.xctest */ = {isa = PBXFileReference; explicitFileType = wrapper.cfbundle; includeInIndex = 0; path = fhlTrackerUITests.xctest; sourceTree = BUILT_PRODUCTS_DIR; };
		F7AB4CB72BA212C900419908 /* fhlTrackerUITests.swift */ = {isa = PBXFileReference; lastKnownFileType = sourcecode.swift; path = fhlTrackerUITests.swift; sourceTree = "<group>"; };
		F7AB4CB92BA212C900419908 /* fhlTrackerUITestsLaunchTests.swift */ = {isa = PBXFileReference; lastKnownFileType = sourcecode.swift; path = fhlTrackerUITestsLaunchTests.swift; sourceTree = "<group>"; };
		F7AB4CCC2BA219DA00419908 /* es */ = {isa = PBXFileReference; lastKnownFileType = text.plist.strings; name = es; path = es.lproj/Main.strings; sourceTree = "<group>"; };
		F7AB4CCF2BA21A0F00419908 /* es-419 */ = {isa = PBXFileReference; lastKnownFileType = text.plist.strings; name = "es-419"; path = "es-419.lproj/Main.strings"; sourceTree = "<group>"; };
		F7AB4CD12BA21A2200419908 /* es-MX */ = {isa = PBXFileReference; lastKnownFileType = text.plist.strings; name = "es-MX"; path = "es-MX.lproj/Main.strings"; sourceTree = "<group>"; };
		F7AB4CD52BA2312300419908 /* SplashScreen.storyboard */ = {isa = PBXFileReference; lastKnownFileType = file.storyboard; path = SplashScreen.storyboard; sourceTree = "<group>"; };
		F7AB4CD72BA2313600419908 /* SplashScreenViewController.swift */ = {isa = PBXFileReference; lastKnownFileType = sourcecode.swift; path = SplashScreenViewController.swift; sourceTree = "<group>"; };
/* End PBXFileReference section */

/* Begin PBXFrameworksBuildPhase section */
		F7AB4C902BA212C600419908 /* Frameworks */ = {
			isa = PBXFrameworksBuildPhase;
			buildActionMask = 2147483647;
			files = (
				F7336A862BA4D4F90006D544 /* IQKeyboardManagerSwift in Frameworks */,
			);
			runOnlyForDeploymentPostprocessing = 0;
		};
		F7AB4CA62BA212C900419908 /* Frameworks */ = {
			isa = PBXFrameworksBuildPhase;
			buildActionMask = 2147483647;
			files = (
			);
			runOnlyForDeploymentPostprocessing = 0;
		};
		F7AB4CB02BA212C900419908 /* Frameworks */ = {
			isa = PBXFrameworksBuildPhase;
			buildActionMask = 2147483647;
			files = (
			);
			runOnlyForDeploymentPostprocessing = 0;
		};
/* End PBXFrameworksBuildPhase section */

/* Begin PBXGroup section */
		F7336A812BA4CC220006D544 /* Helpers */ = {
			isa = PBXGroup;
			children = (
				F7336A8B2BA50D0B0006D544 /* Api.swift */,
				F7336A822BA4CCAD0006D544 /* BorderTextField.swift */,
				F7336A8F2BA50DF90006D544 /* Colors.swift */,
				F7336A892BA50CEF0006D544 /* KeyChainServices.swift */,
				F7336A872BA50CA00006D544 /* NetworkLoader.swift */,
				F7336A912BA50E640006D544 /* RoundedButton.swift */,
				F7336A932BA50F300006D544 /* UDDeviceExtension.swift */,
				F7336A8D2BA50DC20006D544 /* ViewControllerExtension.swift */,
			);
			path = Helpers;
			sourceTree = "<group>";
		};
		F7336A962BAA04160006D544 /* View */ = {
			isa = PBXGroup;
			children = (
			);
			path = View;
			sourceTree = "<group>";
		};
		F7336A972BAA04870006D544 /* Models */ = {
			isa = PBXGroup;
			children = (
				F7336A9C2BAA18160006D544 /* Login */,
				F7336A9D2BAA18250006D544 /* Tickets */,
			);
			path = Models;
			sourceTree = "<group>";
		};
		F7336A9A2BAA174E0006D544 /* Folios */ = {
			isa = PBXGroup;
			children = (
				F7336A9B2BAA177D0006D544 /* Controllers */,
				F7336A972BAA04870006D544 /* Models */,
				F7336AA02BAA5A5D0006D544 /* Views */,
			);
			path = Folios;
			sourceTree = "<group>";
		};
		F7336A9B2BAA177D0006D544 /* Controllers */ = {
			isa = PBXGroup;
			children = (
				F7AB4C9A2BA212C600419908 /* ViewController.swift */,
			);
			path = Controllers;
			sourceTree = "<group>";
		};
		F7336A9C2BAA18160006D544 /* Login */ = {
			isa = PBXGroup;
			children = (
				F7336A982BAA04C40006D544 /* ResponseLogin.swift */,
			);
			path = Login;
			sourceTree = "<group>";
		};
		F7336A9D2BAA18250006D544 /* Tickets */ = {
			isa = PBXGroup;
			children = (
				F7336A9E2BAA191F0006D544 /* ResponseTickets.swift */,
				F74CD1AB2C40467F001A299A /* ResponseTicketPlaneacion.swift */,
			);
			path = Tickets;
			sourceTree = "<group>";
		};
		F7336AA02BAA5A5D0006D544 /* Views */ = {
			isa = PBXGroup;
			children = (
				F7AB4C9C2BA212C600419908 /* Main.storyboard */,
			);
			path = Views;
			sourceTree = "<group>";
		};
		F7336AA32BAA5AD10006D544 /* Controllers */ = {
			isa = PBXGroup;
			children = (
				F7336AA12BAA5ACD0006D544 /* StatusPackageViewController.swift */,
			);
			path = Controllers;
			sourceTree = "<group>";
		};
		F7AB4C8A2BA212C600419908 = {
			isa = PBXGroup;
			children = (
				F7AB4C952BA212C600419908 /* fhlTracker */,
				F7AB4CAC2BA212C900419908 /* fhlTrackerTests */,
				F7AB4CB62BA212C900419908 /* fhlTrackerUITests */,
				F7AB4C942BA212C600419908 /* Products */,
			);
			sourceTree = "<group>";
		};
		F7AB4C942BA212C600419908 /* Products */ = {
			isa = PBXGroup;
			children = (
				F7AB4C932BA212C600419908 /* fhlTracker.app */,
				F7AB4CA92BA212C900419908 /* fhlTrackerTests.xctest */,
				F7AB4CB32BA212C900419908 /* fhlTrackerUITests.xctest */,
			);
			name = Products;
			sourceTree = "<group>";
		};
		F7AB4C952BA212C600419908 /* fhlTracker */ = {
			isa = PBXGroup;
			children = (
				F7AB4CA42BA212C900419908 /* Info.plist */,
				F7AB4C962BA212C600419908 /* AppDelegate.swift */,
				F7AB4C982BA212C600419908 /* SceneDelegate.swift */,
				F7AB4C9F2BA212C900419908 /* Assets.xcassets */,
				F7336A9A2BAA174E0006D544 /* Folios */,
				F7336A812BA4CC220006D544 /* Helpers */,
				F7AB4CD42BA230F900419908 /* SplashScreen */,
				F7AB4CD92BA2374900419908 /* StatusPackage */,
			);
			path = fhlTracker;
			sourceTree = "<group>";
		};
		F7AB4CAC2BA212C900419908 /* fhlTrackerTests */ = {
			isa = PBXGroup;
			children = (
				F7AB4CAD2BA212C900419908 /* fhlTrackerTests.swift */,
			);
			path = fhlTrackerTests;
			sourceTree = "<group>";
		};
		F7AB4CB62BA212C900419908 /* fhlTrackerUITests */ = {
			isa = PBXGroup;
			children = (
				F7AB4CB72BA212C900419908 /* fhlTrackerUITests.swift */,
				F7AB4CB92BA212C900419908 /* fhlTrackerUITestsLaunchTests.swift */,
			);
			path = fhlTrackerUITests;
			sourceTree = "<group>";
		};
		F7AB4CD42BA230F900419908 /* SplashScreen */ = {
			isa = PBXGroup;
			children = (
				F7AB4CD52BA2312300419908 /* SplashScreen.storyboard */,
				F7AB4CD72BA2313600419908 /* SplashScreenViewController.swift */,
			);
			path = SplashScreen;
			sourceTree = "<group>";
		};
		F7AB4CD92BA2374900419908 /* StatusPackage */ = {
			isa = PBXGroup;
			children = (
				F7336AA32BAA5AD10006D544 /* Controllers */,
				F7336A962BAA04160006D544 /* View */,
			);
			path = StatusPackage;
			sourceTree = "<group>";
		};
/* End PBXGroup section */

/* Begin PBXNativeTarget section */
		F7AB4C922BA212C600419908 /* fhlTracker */ = {
			isa = PBXNativeTarget;
			buildConfigurationList = F7AB4CBD2BA212C900419908 /* Build configuration list for PBXNativeTarget "fhlTracker" */;
			buildPhases = (
				F7AB4C8F2BA212C600419908 /* Sources */,
				F7AB4C902BA212C600419908 /* Frameworks */,
				F7AB4C912BA212C600419908 /* Resources */,
			);
			buildRules = (
			);
			dependencies = (
			);
			name = fhlTracker;
			packageProductDependencies = (
				F7336A852BA4D4F90006D544 /* IQKeyboardManagerSwift */,
			);
			productName = fhlTracker;
			productReference = F7AB4C932BA212C600419908 /* fhlTracker.app */;
			productType = "com.apple.product-type.application";
		};
		F7AB4CA82BA212C900419908 /* fhlTrackerTests */ = {
			isa = PBXNativeTarget;
			buildConfigurationList = F7AB4CC02BA212C900419908 /* Build configuration list for PBXNativeTarget "fhlTrackerTests" */;
			buildPhases = (
				F7AB4CA52BA212C900419908 /* Sources */,
				F7AB4CA62BA212C900419908 /* Frameworks */,
				F7AB4CA72BA212C900419908 /* Resources */,
			);
			buildRules = (
			);
			dependencies = (
				F7AB4CAB2BA212C900419908 /* PBXTargetDependency */,
			);
			name = fhlTrackerTests;
			productName = fhlTrackerTests;
			productReference = F7AB4CA92BA212C900419908 /* fhlTrackerTests.xctest */;
			productType = "com.apple.product-type.bundle.unit-test";
		};
		F7AB4CB22BA212C900419908 /* fhlTrackerUITests */ = {
			isa = PBXNativeTarget;
			buildConfigurationList = F7AB4CC32BA212C900419908 /* Build configuration list for PBXNativeTarget "fhlTrackerUITests" */;
			buildPhases = (
				F7AB4CAF2BA212C900419908 /* Sources */,
				F7AB4CB02BA212C900419908 /* Frameworks */,
				F7AB4CB12BA212C900419908 /* Resources */,
			);
			buildRules = (
			);
			dependencies = (
				F7AB4CB52BA212C900419908 /* PBXTargetDependency */,
			);
			name = fhlTrackerUITests;
			productName = fhlTrackerUITests;
			productReference = F7AB4CB32BA212C900419908 /* fhlTrackerUITests.xctest */;
			productType = "com.apple.product-type.bundle.ui-testing";
		};
/* End PBXNativeTarget section */

/* Begin PBXProject section */
		F7AB4C8B2BA212C600419908 /* Project object */ = {
			isa = PBXProject;
			attributes = {
				BuildIndependentTargetsInParallel = 1;
				LastSwiftUpdateCheck = 1530;
				LastUpgradeCheck = 1530;
				TargetAttributes = {
					F7AB4C922BA212C600419908 = {
						CreatedOnToolsVersion = 15.3;
					};
					F7AB4CA82BA212C900419908 = {
						CreatedOnToolsVersion = 15.3;
						TestTargetID = F7AB4C922BA212C600419908;
					};
					F7AB4CB22BA212C900419908 = {
						CreatedOnToolsVersion = 15.3;
						TestTargetID = F7AB4C922BA212C600419908;
					};
				};
			};
			buildConfigurationList = F7AB4C8E2BA212C600419908 /* Build configuration list for PBXProject "fhlTracker" */;
			compatibilityVersion = "Xcode 14.0";
			developmentRegion = es;
			hasScannedForEncodings = 0;
			knownRegions = (
				Base,
				es,
				"es-419",
				"es-MX",
			);
			mainGroup = F7AB4C8A2BA212C600419908;
			packageReferences = (
				F7AB4CD32BA21A6900419908 /* XCRemoteSwiftPackageReference "swift-collections" */,
				F7336A842BA4D4F90006D544 /* XCRemoteSwiftPackageReference "IQKeyboardManager" */,
			);
			productRefGroup = F7AB4C942BA212C600419908 /* Products */;
			projectDirPath = "";
			projectRoot = "";
			targets = (
				F7AB4C922BA212C600419908 /* fhlTracker */,
				F7AB4CA82BA212C900419908 /* fhlTrackerTests */,
				F7AB4CB22BA212C900419908 /* fhlTrackerUITests */,
			);
		};
/* End PBXProject section */

/* Begin PBXResourcesBuildPhase section */
		F7AB4C912BA212C600419908 /* Resources */ = {
			isa = PBXResourcesBuildPhase;
			buildActionMask = 2147483647;
			files = (
				F7AB4CA02BA212C900419908 /* Assets.xcassets in Resources */,
				F7AB4CD62BA2312300419908 /* SplashScreen.storyboard in Resources */,
				F7AB4C9E2BA212C600419908 /* Base in Resources */,
			);
			runOnlyForDeploymentPostprocessing = 0;
		};
		F7AB4CA72BA212C900419908 /* Resources */ = {
			isa = PBXResourcesBuildPhase;
			buildActionMask = 2147483647;
			files = (
			);
			runOnlyForDeploymentPostprocessing = 0;
		};
		F7AB4CB12BA212C900419908 /* Resources */ = {
			isa = PBXResourcesBuildPhase;
			buildActionMask = 2147483647;
			files = (
			);
			runOnlyForDeploymentPostprocessing = 0;
		};
/* End PBXResourcesBuildPhase section */

/* Begin PBXSourcesBuildPhase section */
		F7AB4C8F2BA212C600419908 /* Sources */ = {
			isa = PBXSourcesBuildPhase;
			buildActionMask = 2147483647;
			files = (
				F7336A8C2BA50D0B0006D544 /* Api.swift in Sources */,
				F7336A902BA50DF90006D544 /* Colors.swift in Sources */,
				F7AB4C9B2BA212C600419908 /* ViewController.swift in Sources */,
				F7336A8A2BA50CEF0006D544 /* KeyChainServices.swift in Sources */,
				F7336A992BAA04C40006D544 /* ResponseLogin.swift in Sources */,
				F7AB4C972BA212C600419908 /* AppDelegate.swift in Sources */,
				F74CD1AC2C40467F001A299A /* ResponseTicketPlaneacion.swift in Sources */,
				F7AB4CD82BA2313600419908 /* SplashScreenViewController.swift in Sources */,
				F7336A922BA50E640006D544 /* RoundedButton.swift in Sources */,
				F7AB4C992BA212C600419908 /* SceneDelegate.swift in Sources */,
				F7336A832BA4CCAD0006D544 /* BorderTextField.swift in Sources */,
				F7336A942BA50F300006D544 /* UDDeviceExtension.swift in Sources */,
				F7336A8E2BA50DC20006D544 /* ViewControllerExtension.swift in Sources */,
				F7336AA22BAA5ACD0006D544 /* StatusPackageViewController.swift in Sources */,
				F7336A9F2BAA191F0006D544 /* ResponseTickets.swift in Sources */,
				F7336A882BA50CA00006D544 /* NetworkLoader.swift in Sources */,
			);
			runOnlyForDeploymentPostprocessing = 0;
		};
		F7AB4CA52BA212C900419908 /* Sources */ = {
			isa = PBXSourcesBuildPhase;
			buildActionMask = 2147483647;
			files = (
				F7AB4CAE2BA212C900419908 /* fhlTrackerTests.swift in Sources */,
			);
			runOnlyForDeploymentPostprocessing = 0;
		};
		F7AB4CAF2BA212C900419908 /* Sources */ = {
			isa = PBXSourcesBuildPhase;
			buildActionMask = 2147483647;
			files = (
				F7AB4CBA2BA212C900419908 /* fhlTrackerUITestsLaunchTests.swift in Sources */,
				F7AB4CB82BA212C900419908 /* fhlTrackerUITests.swift in Sources */,
			);
			runOnlyForDeploymentPostprocessing = 0;
		};
/* End PBXSourcesBuildPhase section */

/* Begin PBXTargetDependency section */
		F7AB4CAB2BA212C900419908 /* PBXTargetDependency */ = {
			isa = PBXTargetDependency;
			target = F7AB4C922BA212C600419908 /* fhlTracker */;
			targetProxy = F7AB4CAA2BA212C900419908 /* PBXContainerItemProxy */;
		};
		F7AB4CB52BA212C900419908 /* PBXTargetDependency */ = {
			isa = PBXTargetDependency;
			target = F7AB4C922BA212C600419908 /* fhlTracker */;
			targetProxy = F7AB4CB42BA212C900419908 /* PBXContainerItemProxy */;
		};
/* End PBXTargetDependency section */

/* Begin PBXVariantGroup section */
		F7AB4C9C2BA212C600419908 /* Main.storyboard */ = {
			isa = PBXVariantGroup;
			children = (
				F7AB4C9D2BA212C600419908 /* Base */,
				F7AB4CCC2BA219DA00419908 /* es */,
				F7AB4CCF2BA21A0F00419908 /* es-419 */,
				F7AB4CD12BA21A2200419908 /* es-MX */,
			);
			name = Main.storyboard;
			sourceTree = "<group>";
		};
/* End PBXVariantGroup section */

/* Begin XCBuildConfiguration section */
		F7AB4CBB2BA212C900419908 /* Debug */ = {
			isa = XCBuildConfiguration;
			buildSettings = {
				ALWAYS_SEARCH_USER_PATHS = NO;
				ASSETCATALOG_COMPILER_GENERATE_SWIFT_ASSET_SYMBOL_EXTENSIONS = YES;
				CLANG_ANALYZER_LOCALIZABILITY_NONLOCALIZED = YES;
				CLANG_ANALYZER_NONNULL = YES;
				CLANG_ANALYZER_NUMBER_OBJECT_CONVERSION = YES_AGGRESSIVE;
				CLANG_CXX_LANGUAGE_STANDARD = "gnu++20";
				CLANG_ENABLE_MODULES = YES;
				CLANG_ENABLE_OBJC_ARC = YES;
				CLANG_ENABLE_OBJC_WEAK = YES;
				CLANG_WARN_BLOCK_CAPTURE_AUTORELEASING = YES;
				CLANG_WARN_BOOL_CONVERSION = YES;
				CLANG_WARN_COMMA = YES;
				CLANG_WARN_CONSTANT_CONVERSION = YES;
				CLANG_WARN_DEPRECATED_OBJC_IMPLEMENTATIONS = YES;
				CLANG_WARN_DIRECT_OBJC_ISA_USAGE = YES_ERROR;
				CLANG_WARN_DOCUMENTATION_COMMENTS = YES;
				CLANG_WARN_EMPTY_BODY = YES;
				CLANG_WARN_ENUM_CONVERSION = YES;
				CLANG_WARN_INFINITE_RECURSION = YES;
				CLANG_WARN_INT_CONVERSION = YES;
				CLANG_WARN_NON_LITERAL_NULL_CONVERSION = YES;
				CLANG_WARN_OBJC_IMPLICIT_RETAIN_SELF = YES;
				CLANG_WARN_OBJC_LITERAL_CONVERSION = YES;
				CLANG_WARN_OBJC_ROOT_CLASS = YES_ERROR;
				CLANG_WARN_QUOTED_INCLUDE_IN_FRAMEWORK_HEADER = YES;
				CLANG_WARN_RANGE_LOOP_ANALYSIS = YES;
				CLANG_WARN_STRICT_PROTOTYPES = YES;
				CLANG_WARN_SUSPICIOUS_MOVE = YES;
				CLANG_WARN_UNGUARDED_AVAILABILITY = YES_AGGRESSIVE;
				CLANG_WARN_UNREACHABLE_CODE = YES;
				CLANG_WARN__DUPLICATE_METHOD_MATCH = YES;
				COPY_PHASE_STRIP = NO;
				DEBUG_INFORMATION_FORMAT = dwarf;
				ENABLE_STRICT_OBJC_MSGSEND = YES;
				ENABLE_TESTABILITY = YES;
				ENABLE_USER_SCRIPT_SANDBOXING = YES;
				GCC_C_LANGUAGE_STANDARD = gnu17;
				GCC_DYNAMIC_NO_PIC = NO;
				GCC_NO_COMMON_BLOCKS = YES;
				GCC_OPTIMIZATION_LEVEL = 0;
				GCC_PREPROCESSOR_DEFINITIONS = (
					"DEBUG=1",
					"$(inherited)",
				);
				GCC_WARN_64_TO_32_BIT_CONVERSION = YES;
				GCC_WARN_ABOUT_RETURN_TYPE = YES_ERROR;
				GCC_WARN_UNDECLARED_SELECTOR = YES;
				GCC_WARN_UNINITIALIZED_AUTOS = YES_AGGRESSIVE;
				GCC_WARN_UNUSED_FUNCTION = YES;
				GCC_WARN_UNUSED_VARIABLE = YES;
				IPHONEOS_DEPLOYMENT_TARGET = 17.4;
				LOCALIZATION_PREFERS_STRING_CATALOGS = YES;
				MTL_ENABLE_DEBUG_INFO = INCLUDE_SOURCE;
				MTL_FAST_MATH = YES;
				ONLY_ACTIVE_ARCH = YES;
				SDKROOT = iphoneos;
				SWIFT_ACTIVE_COMPILATION_CONDITIONS = "DEBUG $(inherited)";
				SWIFT_OPTIMIZATION_LEVEL = "-Onone";
			};
			name = Debug;
		};
		F7AB4CBC2BA212C900419908 /* Release */ = {
			isa = XCBuildConfiguration;
			buildSettings = {
				ALWAYS_SEARCH_USER_PATHS = NO;
				ASSETCATALOG_COMPILER_GENERATE_SWIFT_ASSET_SYMBOL_EXTENSIONS = YES;
				CLANG_ANALYZER_LOCALIZABILITY_NONLOCALIZED = YES;
				CLANG_ANALYZER_NONNULL = YES;
				CLANG_ANALYZER_NUMBER_OBJECT_CONVERSION = YES_AGGRESSIVE;
				CLANG_CXX_LANGUAGE_STANDARD = "gnu++20";
				CLANG_ENABLE_MODULES = YES;
				CLANG_ENABLE_OBJC_ARC = YES;
				CLANG_ENABLE_OBJC_WEAK = YES;
				CLANG_WARN_BLOCK_CAPTURE_AUTORELEASING = YES;
				CLANG_WARN_BOOL_CONVERSION = YES;
				CLANG_WARN_COMMA = YES;
				CLANG_WARN_CONSTANT_CONVERSION = YES;
				CLANG_WARN_DEPRECATED_OBJC_IMPLEMENTATIONS = YES;
				CLANG_WARN_DIRECT_OBJC_ISA_USAGE = YES_ERROR;
				CLANG_WARN_DOCUMENTATION_COMMENTS = YES;
				CLANG_WARN_EMPTY_BODY = YES;
				CLANG_WARN_ENUM_CONVERSION = YES;
				CLANG_WARN_INFINITE_RECURSION = YES;
				CLANG_WARN_INT_CONVERSION = YES;
				CLANG_WARN_NON_LITERAL_NULL_CONVERSION = YES;
				CLANG_WARN_OBJC_IMPLICIT_RETAIN_SELF = YES;
				CLANG_WARN_OBJC_LITERAL_CONVERSION = YES;
				CLANG_WARN_OBJC_ROOT_CLASS = YES_ERROR;
				CLANG_WARN_QUOTED_INCLUDE_IN_FRAMEWORK_HEADER = YES;
				CLANG_WARN_RANGE_LOOP_ANALYSIS = YES;
				CLANG_WARN_STRICT_PROTOTYPES = YES;
				CLANG_WARN_SUSPICIOUS_MOVE = YES;
				CLANG_WARN_UNGUARDED_AVAILABILITY = YES_AGGRESSIVE;
				CLANG_WARN_UNREACHABLE_CODE = YES;
				CLANG_WARN__DUPLICATE_METHOD_MATCH = YES;
				COPY_PHASE_STRIP = NO;
				DEBUG_INFORMATION_FORMAT = "dwarf-with-dsym";
				ENABLE_NS_ASSERTIONS = NO;
				ENABLE_STRICT_OBJC_MSGSEND = YES;
				ENABLE_USER_SCRIPT_SANDBOXING = YES;
				GCC_C_LANGUAGE_STANDARD = gnu17;
				GCC_NO_COMMON_BLOCKS = YES;
				GCC_WARN_64_TO_32_BIT_CONVERSION = YES;
				GCC_WARN_ABOUT_RETURN_TYPE = YES_ERROR;
				GCC_WARN_UNDECLARED_SELECTOR = YES;
				GCC_WARN_UNINITIALIZED_AUTOS = YES_AGGRESSIVE;
				GCC_WARN_UNUSED_FUNCTION = YES;
				GCC_WARN_UNUSED_VARIABLE = YES;
				IPHONEOS_DEPLOYMENT_TARGET = 17.4;
				LOCALIZATION_PREFERS_STRING_CATALOGS = YES;
				MTL_ENABLE_DEBUG_INFO = NO;
				MTL_FAST_MATH = YES;
				SDKROOT = iphoneos;
				SWIFT_COMPILATION_MODE = wholemodule;
				VALIDATE_PRODUCT = YES;
			};
			name = Release;
		};
		F7AB4CBE2BA212C900419908 /* Debug */ = {
			isa = XCBuildConfiguration;
			buildSettings = {
				ASSETCATALOG_COMPILER_APPICON_NAME = AppIcon;
				ASSETCATALOG_COMPILER_GLOBAL_ACCENT_COLOR_NAME = AccentColor;
				CODE_SIGN_STYLE = Automatic;
				CURRENT_PROJECT_VERSION = 1;
				DEVELOPMENT_TEAM = 425PPMA85P;
				GENERATE_INFOPLIST_FILE = YES;
				INFOPLIST_FILE = fhlTracker/Info.plist;
				INFOPLIST_KEY_CFBundleDisplayName = "Ruta Logística FH";
				INFOPLIST_KEY_UIApplicationSupportsIndirectInputEvents = YES;
				INFOPLIST_KEY_UILaunchStoryboardName = SplashScreen.storyboard;
				INFOPLIST_KEY_UIMainStoryboardFile = Main;
				INFOPLIST_KEY_UIStatusBarStyle = "";
				INFOPLIST_KEY_UISupportedInterfaceOrientations = "UIInterfaceOrientationPortrait UIInterfaceOrientationPortrait";
				INFOPLIST_KEY_UIUserInterfaceStyle = Light;
				IPHONEOS_DEPLOYMENT_TARGET = 14.0;
				LD_RUNPATH_SEARCH_PATHS = (
					"$(inherited)",
					"@executable_path/Frameworks",
				);
				MARKETING_VERSION = 1.0;
				PRODUCT_BUNDLE_IDENTIFIER = com.NewLandApps.trackerfh;
				PRODUCT_NAME = "$(TARGET_NAME)";
				SUPPORTED_PLATFORMS = "iphoneos iphonesimulator";
				SUPPORTS_MACCATALYST = NO;
				SUPPORTS_MAC_DESIGNED_FOR_IPHONE_IPAD = NO;
				SUPPORTS_XR_DESIGNED_FOR_IPHONE_IPAD = NO;
				SWIFT_EMIT_LOC_STRINGS = YES;
				SWIFT_VERSION = 5.0;
				TARGETED_DEVICE_FAMILY = 1;
			};
			name = Debug;
		};
		F7AB4CBF2BA212C900419908 /* Release */ = {
			isa = XCBuildConfiguration;
			buildSettings = {
				ASSETCATALOG_COMPILER_APPICON_NAME = AppIcon;
				ASSETCATALOG_COMPILER_GLOBAL_ACCENT_COLOR_NAME = AccentColor;
				CODE_SIGN_STYLE = Automatic;
				CURRENT_PROJECT_VERSION = 1;
				DEVELOPMENT_TEAM = 425PPMA85P;
				GENERATE_INFOPLIST_FILE = YES;
				INFOPLIST_FILE = fhlTracker/Info.plist;
				INFOPLIST_KEY_CFBundleDisplayName = "Ruta Logística FH";
				INFOPLIST_KEY_UIApplicationSupportsIndirectInputEvents = YES;
				INFOPLIST_KEY_UILaunchStoryboardName = SplashScreen.storyboard;
				INFOPLIST_KEY_UIMainStoryboardFile = Main;
				INFOPLIST_KEY_UIStatusBarStyle = "";
				INFOPLIST_KEY_UISupportedInterfaceOrientations = "UIInterfaceOrientationPortrait UIInterfaceOrientationPortrait";
				INFOPLIST_KEY_UIUserInterfaceStyle = Light;
				IPHONEOS_DEPLOYMENT_TARGET = 14.0;
				LD_RUNPATH_SEARCH_PATHS = (
					"$(inherited)",
					"@executable_path/Frameworks",
				);
				MARKETING_VERSION = 1.0;
				PRODUCT_BUNDLE_IDENTIFIER = com.NewLandApps.trackerfh;
				PRODUCT_NAME = "$(TARGET_NAME)";
				SUPPORTED_PLATFORMS = "iphoneos iphonesimulator";
				SUPPORTS_MACCATALYST = NO;
				SUPPORTS_MAC_DESIGNED_FOR_IPHONE_IPAD = NO;
				SUPPORTS_XR_DESIGNED_FOR_IPHONE_IPAD = NO;
				SWIFT_EMIT_LOC_STRINGS = YES;
				SWIFT_VERSION = 5.0;
				TARGETED_DEVICE_FAMILY = 1;
			};
			name = Release;
		};
		F7AB4CC12BA212C900419908 /* Debug */ = {
			isa = XCBuildConfiguration;
			buildSettings = {
				ALWAYS_EMBED_SWIFT_STANDARD_LIBRARIES = YES;
				BUNDLE_LOADER = "$(TEST_HOST)";
				CODE_SIGN_STYLE = Automatic;
				CURRENT_PROJECT_VERSION = 1;
				DEVELOPMENT_TEAM = 425PPMA85P;
				GENERATE_INFOPLIST_FILE = YES;
				IPHONEOS_DEPLOYMENT_TARGET = 17.4;
				MARKETING_VERSION = 1.0;
				PRODUCT_BUNDLE_IDENTIFIER = com.NewLandApps.fhlTrackerTests;
				PRODUCT_NAME = "$(TARGET_NAME)";
				SWIFT_EMIT_LOC_STRINGS = NO;
				SWIFT_VERSION = 5.0;
				TARGETED_DEVICE_FAMILY = "1,2";
				TEST_HOST = "$(BUILT_PRODUCTS_DIR)/fhlTracker.app/$(BUNDLE_EXECUTABLE_FOLDER_PATH)/fhlTracker";
			};
			name = Debug;
		};
		F7AB4CC22BA212C900419908 /* Release */ = {
			isa = XCBuildConfiguration;
			buildSettings = {
				ALWAYS_EMBED_SWIFT_STANDARD_LIBRARIES = YES;
				BUNDLE_LOADER = "$(TEST_HOST)";
				CODE_SIGN_STYLE = Automatic;
				CURRENT_PROJECT_VERSION = 1;
				DEVELOPMENT_TEAM = 425PPMA85P;
				GENERATE_INFOPLIST_FILE = YES;
				IPHONEOS_DEPLOYMENT_TARGET = 17.4;
				MARKETING_VERSION = 1.0;
				PRODUCT_BUNDLE_IDENTIFIER = com.NewLandApps.fhlTrackerTests;
				PRODUCT_NAME = "$(TARGET_NAME)";
				SWIFT_EMIT_LOC_STRINGS = NO;
				SWIFT_VERSION = 5.0;
				TARGETED_DEVICE_FAMILY = "1,2";
				TEST_HOST = "$(BUILT_PRODUCTS_DIR)/fhlTracker.app/$(BUNDLE_EXECUTABLE_FOLDER_PATH)/fhlTracker";
			};
			name = Release;
		};
		F7AB4CC42BA212C900419908 /* Debug */ = {
			isa = XCBuildConfiguration;
			buildSettings = {
				ALWAYS_EMBED_SWIFT_STANDARD_LIBRARIES = YES;
				CODE_SIGN_STYLE = Automatic;
				CURRENT_PROJECT_VERSION = 1;
				DEVELOPMENT_TEAM = 425PPMA85P;
				GENERATE_INFOPLIST_FILE = YES;
				MARKETING_VERSION = 1.0;
				PRODUCT_BUNDLE_IDENTIFIER = com.NewLandApps.fhlTrackerUITests;
				PRODUCT_NAME = "$(TARGET_NAME)";
				SWIFT_EMIT_LOC_STRINGS = NO;
				SWIFT_VERSION = 5.0;
				TARGETED_DEVICE_FAMILY = "1,2";
				TEST_TARGET_NAME = fhlTracker;
			};
			name = Debug;
		};
		F7AB4CC52BA212C900419908 /* Release */ = {
			isa = XCBuildConfiguration;
			buildSettings = {
				ALWAYS_EMBED_SWIFT_STANDARD_LIBRARIES = YES;
				CODE_SIGN_STYLE = Automatic;
				CURRENT_PROJECT_VERSION = 1;
				DEVELOPMENT_TEAM = 425PPMA85P;
				GENERATE_INFOPLIST_FILE = YES;
				MARKETING_VERSION = 1.0;
				PRODUCT_BUNDLE_IDENTIFIER = com.NewLandApps.fhlTrackerUITests;
				PRODUCT_NAME = "$(TARGET_NAME)";
				SWIFT_EMIT_LOC_STRINGS = NO;
				SWIFT_VERSION = 5.0;
				TARGETED_DEVICE_FAMILY = "1,2";
				TEST_TARGET_NAME = fhlTracker;
			};
			name = Release;
		};
/* End XCBuildConfiguration section */

/* Begin XCConfigurationList section */
		F7AB4C8E2BA212C600419908 /* Build configuration list for PBXProject "fhlTracker" */ = {
			isa = XCConfigurationList;
			buildConfigurations = (
				F7AB4CBB2BA212C900419908 /* Debug */,
				F7AB4CBC2BA212C900419908 /* Release */,
			);
			defaultConfigurationIsVisible = 0;
			defaultConfigurationName = Release;
		};
		F7AB4CBD2BA212C900419908 /* Build configuration list for PBXNativeTarget "fhlTracker" */ = {
			isa = XCConfigurationList;
			buildConfigurations = (
				F7AB4CBE2BA212C900419908 /* Debug */,
				F7AB4CBF2BA212C900419908 /* Release */,
			);
			defaultConfigurationIsVisible = 0;
			defaultConfigurationName = Release;
		};
		F7AB4CC02BA212C900419908 /* Build configuration list for PBXNativeTarget "fhlTrackerTests" */ = {
			isa = XCConfigurationList;
			buildConfigurations = (
				F7AB4CC12BA212C900419908 /* Debug */,
				F7AB4CC22BA212C900419908 /* Release */,
			);
			defaultConfigurationIsVisible = 0;
			defaultConfigurationName = Release;
		};
		F7AB4CC32BA212C900419908 /* Build configuration list for PBXNativeTarget "fhlTrackerUITests" */ = {
			isa = XCConfigurationList;
			buildConfigurations = (
				F7AB4CC42BA212C900419908 /* Debug */,
				F7AB4CC52BA212C900419908 /* Release */,
			);
			defaultConfigurationIsVisible = 0;
			defaultConfigurationName = Release;
		};
/* End XCConfigurationList section */

/* Begin XCRemoteSwiftPackageReference section */
		F7336A842BA4D4F90006D544 /* XCRemoteSwiftPackageReference "IQKeyboardManager" */ = {
			isa = XCRemoteSwiftPackageReference;
			repositoryURL = "https://github.com/hackiftekhar/IQKeyboardManager.git";
			requirement = {
				kind = upToNextMajorVersion;
				minimumVersion = 7.0.1;
			};
		};
		F7AB4CD32BA21A6900419908 /* XCRemoteSwiftPackageReference "swift-collections" */ = {
			isa = XCRemoteSwiftPackageReference;
			repositoryURL = "https://github.com/apple/swift-collections.git";
			requirement = {
				kind = upToNextMajorVersion;
				minimumVersion = 1.1.0;
			};
		};
/* End XCRemoteSwiftPackageReference section */

/* Begin XCSwiftPackageProductDependency section */
		F7336A852BA4D4F90006D544 /* IQKeyboardManagerSwift */ = {
			isa = XCSwiftPackageProductDependency;
			package = F7336A842BA4D4F90006D544 /* XCRemoteSwiftPackageReference "IQKeyboardManager" */;
			productName = IQKeyboardManagerSwift;
		};
/* End XCSwiftPackageProductDependency section */
	};
	rootObject = F7AB4C8B2BA212C600419908 /* Project object */;
}
